
Microsoft Visual Studio Solution File, Format Version 12.00
# Visual Studio Version 17
VisualStudioVersion = 17.13.35828.75
MinimumVisualStudioVersion = 10.0.40219.1
Project("{FAE04EC0-301F-11D3-BF4B-00C04F79EFBC}") = "assignment1", "assignment1.csproj", "{64D9C5AA-505A-41ED-A049-BE09735B0234}"
EndProject
Project("{FAE04EC0-301F-11D3-BF4B-00C04F79EFBC}") = "tests", "..\tests\tests.csproj", "{8F2BB289-50B9-4B39-B401-56443D49F0A3}"
EndProject
Global
	GlobalSection(SolutionConfigurationPlatforms) = preSolution
		Debug|Any CPU = Debug|Any CPU
		Release|Any CPU = Release|Any CPU
	EndGlobalSection
	GlobalSection(ProjectConfigurationPlatforms) = postSolution
		{64D9C5AA-505A-41ED-A049-BE09735B0234}.Debug|Any CPU.ActiveCfg = Debug|Any CPU
		{64D9C5AA-505A-41ED-A049-BE09735B0234}.Debug|Any CPU.Build.0 = Debug|Any CPU
		{64D9C5AA-505A-41ED-A049-BE09735B0234}.Release|Any CPU.ActiveCfg = Release|Any CPU
		{64D9C5AA-505A-41ED-A049-BE09735B0234}.Release|Any CPU.Build.0 = Release|Any CPU
		{8F2BB289-50B9-4B39-B401-56443D49F0A3}.Debug|Any CPU.ActiveCfg = Debug|Any CPU
		{8F2BB289-50B9-4B39-B401-56443D49F0A3}.Debug|Any CPU.Build.0 = Debug|Any CPU
		{8F2BB289-50B9-4B39-B401-56443D49F0A3}.Release|Any CPU.ActiveCfg = Release|Any CPU
		{8F2BB289-50B9-4B39-B401-56443D49F0A3}.Release|Any CPU.Build.0 = Release|Any CPU
	EndGlobalSection
	GlobalSection(SolutionProperties) = preSolution
		HideSolutionNode = FALSE
	EndGlobalSection
	GlobalSection(ExtensibilityGlobals) = postSolution
		SolutionGuid = {296329CA-39D5-4392-BC4D-C8EC34944088}
	EndGlobalSection
EndGlobal
